
Microsoft Visual Studio Solution File, Format Version 12.00
# Visual Studio Version 17
VisualStudioVersion = 17.9.34622.214
MinimumVisualStudioVersion = 10.0.40219.1
Project("{9A19103F-16F7-4668-BE54-9A1E7A4F7556}") = "WebAppShop_test", "WebAppShop_test\WebAppShop_test.csproj", "{4F222E18-5FEF-4160-8DA0-409C363FD937}"
EndProject
Project("{FAE04EC0-301F-11D3-BF4B-00C04F79EFBC}") = "WebShopApp.Infrastructure", "WebShopApp.Infrastructure\WebShopApp.Infrastructure.csproj", "{EA4657D8-8A47-4116-BF3A-5D950AC06A7D}"
EndProject
Global
	GlobalSection(SolutionConfigurationPlatforms) = preSolution
		Debug|Any CPU = Debug|Any CPU
		Release|Any CPU = Release|Any CPU
	EndGlobalSection
	GlobalSection(ProjectConfigurationPlatforms) = postSolution
		{4F222E18-5FEF-4160-8DA0-409C363FD937}.Debug|Any CPU.ActiveCfg = Debug|Any CPU
		{4F222E18-5FEF-4160-8DA0-409C363FD937}.Debug|Any CPU.Build.0 = Debug|Any CPU
		{4F222E18-5FEF-4160-8DA0-409C363FD937}.Release|Any CPU.ActiveCfg = Release|Any CPU
		{4F222E18-5FEF-4160-8DA0-409C363FD937}.Release|Any CPU.Build.0 = Release|Any CPU
		{EA4657D8-8A47-4116-BF3A-5D950AC06A7D}.Debug|Any CPU.ActiveCfg = Debug|Any CPU
		{EA4657D8-8A47-4116-BF3A-5D950AC06A7D}.Debug|Any CPU.Build.0 = Debug|Any CPU
		{EA4657D8-8A47-4116-BF3A-5D950AC06A7D}.Release|Any CPU.ActiveCfg = Release|Any CPU
		{EA4657D8-8A47-4116-BF3A-5D950AC06A7D}.Release|Any CPU.Build.0 = Release|Any CPU
	EndGlobalSection
	GlobalSection(SolutionProperties) = preSolution
		HideSolutionNode = FALSE
	EndGlobalSection
	GlobalSection(ExtensibilityGlobals) = postSolution
		SolutionGuid = {A8C39B66-73C2-481D-B643-2A75F6D1368C}
	EndGlobalSection
EndGlobal
